
Microsoft Visual Studio Solution File, Format Version 12.00
# Visual Studio Version 17
VisualStudioVersion = 17.11.35327.3
MinimumVisualStudioVersion = 10.0.40219.1
Project("{FAE04EC0-301F-11D3-BF4B-00C04F79EFBC}") = "FirebaseMaui", "FirebaseMaui.csproj", "{A53856CF-96A8-40F3-8B30-4742C50DC640}"
EndProject
Global
	GlobalSection(SolutionConfigurationPlatforms) = preSolution
		Debug|Any CPU = Debug|Any CPU
		Release|Any CPU = Release|Any CPU
	EndGlobalSection
	GlobalSection(ProjectConfigurationPlatforms) = postSolution
		{A53856CF-96A8-40F3-8B30-4742C50DC640}.Debug|Any CPU.ActiveCfg = Debug|Any CPU
		{A53856CF-96A8-40F3-8B30-4742C50DC640}.Debug|Any CPU.Build.0 = Debug|Any CPU
		{A53856CF-96A8-40F3-8B30-4742C50DC640}.Debug|Any CPU.Deploy.0 = Debug|Any CPU
		{A53856CF-96A8-40F3-8B30-4742C50DC640}.Release|Any CPU.ActiveCfg = Release|Any CPU
		{A53856CF-96A8-40F3-8B30-4742C50DC640}.Release|Any CPU.Build.0 = Release|Any CPU
		{A53856CF-96A8-40F3-8B30-4742C50DC640}.Release|Any CPU.Deploy.0 = Release|Any CPU
	EndGlobalSection
	GlobalSection(SolutionProperties) = preSolution
		HideSolutionNode = FALSE
	EndGlobalSection
	GlobalSection(ExtensibilityGlobals) = postSolution
		SolutionGuid = {1143CAC4-BD00-47F2-89B0-BB7EE3D1F115}
	EndGlobalSection
EndGlobal
